
Microsoft Visual Studio Solution File, Format Version 12.00
# Visual Studio 15
VisualStudioVersion = 15.0.28307.438
MinimumVisualStudioVersion = 10.0.40219.1
Project("{FAE04EC0-301F-11D3-BF4B-00C04F79EFBC}") = "K4_L7_BulletinBoard", "K4_L7_BulletinBoard\K4_L7_BulletinBoard.csproj", "{79E6FE93-5D13-4D1E-8D19-A80E7644D134}"
EndProject
Global
	GlobalSection(SolutionConfigurationPlatforms) = preSolution
		Debug|Any CPU = Debug|Any CPU
		Release|Any CPU = Release|Any CPU
	EndGlobalSection
	GlobalSection(ProjectConfigurationPlatforms) = postSolution
		{79E6FE93-5D13-4D1E-8D19-A80E7644D134}.Debug|Any CPU.ActiveCfg = Debug|Any CPU
		{79E6FE93-5D13-4D1E-8D19-A80E7644D134}.Debug|Any CPU.Build.0 = Debug|Any CPU
		{79E6FE93-5D13-4D1E-8D19-A80E7644D134}.Release|Any CPU.ActiveCfg = Release|Any CPU
		{79E6FE93-5D13-4D1E-8D19-A80E7644D134}.Release|Any CPU.Build.0 = Release|Any CPU
	EndGlobalSection
	GlobalSection(SolutionProperties) = preSolution
		HideSolutionNode = FALSE
	EndGlobalSection
	GlobalSection(ExtensibilityGlobals) = postSolution
		SolutionGuid = {1752938D-7F25-49DE-BC56-F325A8429D06}
	EndGlobalSection
EndGlobal
